
Microsoft Visual Studio Solution File, Format Version 12.00
# Visual Studio Version 16
VisualStudioVersion = 16.0.31019.35
MinimumVisualStudioVersion = 10.0.40219.1
Project("{FAE04EC0-301F-11D3-BF4B-00C04F79EFBC}") = "RandomNumberGeneration", "RandomNumberGeneration.csproj", "{2624403C-C386-4A3F-931D-3E13B68CF29D}"
EndProject
Project("{FAE04EC0-301F-11D3-BF4B-00C04F79EFBC}") = "RandomNumberGenerationTests", "..\RandomNumberGenerationTests\RandomNumberGenerationTests.csproj", "{97CDB758-964B-4930-9DCD-FAC0C90EE4D4}"
EndProject
Global
	GlobalSection(SolutionConfigurationPlatforms) = preSolution
		Debug|Any CPU = Debug|Any CPU
		Release|Any CPU = Release|Any CPU
	EndGlobalSection
	GlobalSection(ProjectConfigurationPlatforms) = postSolution
		{2624403C-C386-4A3F-931D-3E13B68CF29D}.Debug|Any CPU.ActiveCfg = Debug|Any CPU
		{2624403C-C386-4A3F-931D-3E13B68CF29D}.Debug|Any CPU.Build.0 = Debug|Any CPU
		{2624403C-C386-4A3F-931D-3E13B68CF29D}.Release|Any CPU.ActiveCfg = Release|Any CPU
		{2624403C-C386-4A3F-931D-3E13B68CF29D}.Release|Any CPU.Build.0 = Release|Any CPU
		{97CDB758-964B-4930-9DCD-FAC0C90EE4D4}.Debug|Any CPU.ActiveCfg = Debug|Any CPU
		{97CDB758-964B-4930-9DCD-FAC0C90EE4D4}.Debug|Any CPU.Build.0 = Debug|Any CPU
		{97CDB758-964B-4930-9DCD-FAC0C90EE4D4}.Release|Any CPU.ActiveCfg = Release|Any CPU
		{97CDB758-964B-4930-9DCD-FAC0C90EE4D4}.Release|Any CPU.Build.0 = Release|Any CPU
	EndGlobalSection
	GlobalSection(SolutionProperties) = preSolution
		HideSolutionNode = FALSE
	EndGlobalSection
	GlobalSection(ExtensibilityGlobals) = postSolution
		SolutionGuid = {F8E8D2D8-6194-4CC5-B46B-015ECA92B808}
	EndGlobalSection
EndGlobal
